
Microsoft Visual Studio Solution File, Format Version 12.00
# Visual Studio Version 16
VisualStudioVersion = 16.0.30413.136
MinimumVisualStudioVersion = 10.0.40219.1
Project("{FAE04EC0-301F-11D3-BF4B-00C04F79EFBC}") = "EDDatos_Tarea3_Rafael", "EDDatos_Tarea3_Rafael\EDDatos_Tarea3_Rafael.csproj", "{9D605FEB-3820-43DF-AD27-09659DA935A1}"
EndProject
Global
	GlobalSection(SolutionConfigurationPlatforms) = preSolution
		Debug|Any CPU = Debug|Any CPU
		Release|Any CPU = Release|Any CPU
	EndGlobalSection
	GlobalSection(ProjectConfigurationPlatforms) = postSolution
		{9D605FEB-3820-43DF-AD27-09659DA935A1}.Debug|Any CPU.ActiveCfg = Debug|Any CPU
		{9D605FEB-3820-43DF-AD27-09659DA935A1}.Debug|Any CPU.Build.0 = Debug|Any CPU
		{9D605FEB-3820-43DF-AD27-09659DA935A1}.Release|Any CPU.ActiveCfg = Release|Any CPU
		{9D605FEB-3820-43DF-AD27-09659DA935A1}.Release|Any CPU.Build.0 = Release|Any CPU
	EndGlobalSection
	GlobalSection(SolutionProperties) = preSolution
		HideSolutionNode = FALSE
	EndGlobalSection
	GlobalSection(ExtensibilityGlobals) = postSolution
		SolutionGuid = {A703D6B7-B740-4CD2-B6DC-A1EE12FAB920}
	EndGlobalSection
EndGlobal
